<Solution>
  <Folder Name="/src/">
    <Project Path="src/Lots.Evals/Lots.Evals.csproj" />
    <Project Path="src/Lots.Mcp.Homelab/Lots.Mcp.Homelab.csproj" />
    <Project Path="src/Lots.Shell/Lots.Shell.csproj" />
  </Folder>
  <Folder Name="/tests/">
    <Project Path="tests/Lots.Mcp.Homelab.Tests/Lots.Mcp.Homelab.Tests.csproj" />
    <Project Path="tests/Lots.Shell.Tests/Lots.Shell.Tests.csproj" />
  </Folder>
</Solution>
